
Microsoft Visual Studio Solution File, Format Version 12.00
# Visual Studio Version 17
VisualStudioVersion = 17.8.34330.188
MinimumVisualStudioVersion = 10.0.40219.1
Project("{FAE04EC0-301F-11D3-BF4B-00C04F79EFBC}") = "ckedior-image-upload-angular-net.Server", "ckedior-image-upload-angular-net.Server\ckedior-image-upload-angular-net.Server.csproj", "{B80D2E2E-8A83-49EC-81C8-96DD14773028}"
EndProject
Project("{54A90642-561A-4BB1-A94E-469ADEE60C69}") = "ckedior-image-upload-angular-net.client", "ckedior-image-upload-angular-net.client\ckedior-image-upload-angular-net.client.esproj", "{76D849D8-D8A3-49CA-BC3A-DA6B4AB51AEF}"
EndProject
Global
	GlobalSection(SolutionConfigurationPlatforms) = preSolution
		Debug|Any CPU = Debug|Any CPU
		Release|Any CPU = Release|Any CPU
	EndGlobalSection
	GlobalSection(ProjectConfigurationPlatforms) = postSolution
		{B80D2E2E-8A83-49EC-81C8-96DD14773028}.Debug|Any CPU.ActiveCfg = Debug|Any CPU
		{B80D2E2E-8A83-49EC-81C8-96DD14773028}.Debug|Any CPU.Build.0 = Debug|Any CPU
		{B80D2E2E-8A83-49EC-81C8-96DD14773028}.Release|Any CPU.ActiveCfg = Release|Any CPU
		{B80D2E2E-8A83-49EC-81C8-96DD14773028}.Release|Any CPU.Build.0 = Release|Any CPU
		{76D849D8-D8A3-49CA-BC3A-DA6B4AB51AEF}.Debug|Any CPU.ActiveCfg = Debug|Any CPU
		{76D849D8-D8A3-49CA-BC3A-DA6B4AB51AEF}.Debug|Any CPU.Build.0 = Debug|Any CPU
		{76D849D8-D8A3-49CA-BC3A-DA6B4AB51AEF}.Debug|Any CPU.Deploy.0 = Debug|Any CPU
		{76D849D8-D8A3-49CA-BC3A-DA6B4AB51AEF}.Release|Any CPU.ActiveCfg = Release|Any CPU
		{76D849D8-D8A3-49CA-BC3A-DA6B4AB51AEF}.Release|Any CPU.Build.0 = Release|Any CPU
		{76D849D8-D8A3-49CA-BC3A-DA6B4AB51AEF}.Release|Any CPU.Deploy.0 = Release|Any CPU
	EndGlobalSection
	GlobalSection(SolutionProperties) = preSolution
		HideSolutionNode = FALSE
	EndGlobalSection
	GlobalSection(ExtensibilityGlobals) = postSolution
		SolutionGuid = {F922E35D-A624-4BD0-9C52-5A0044A41E35}
	EndGlobalSection
EndGlobal
